// !$*UTF8*$!
{
	archiveVersion = 1;
	classes = {
	};
	objectVersion = 56;
	objects = {

/* Begin PBXBuildFile section */
		96A100000000000000000001 /* UserbotBaleApp.swift in Sources */ = {isa = PBXBuildFile; fileRef = 96A100000000000000000011 /* UserbotBaleApp.swift */; };
		96A100000000000000000002 /* ContentView.swift in Sources */ = {isa = PBXBuildFile; fileRef = 96A100000000000000000012 /* ContentView.swift */; };
		96A100000000000000000003 /* BaleAppController.swift in Sources */ = {isa = PBXBuildFile; fileRef = 96A100000000000000000013 /* BaleAppController.swift */; };
		96A100000000000000000004 /* BaleAppGroup.swift in Sources */ = {isa = PBXBuildFile; fileRef = 96A100000000000000000014 /* BaleAppGroup.swift */; };
		96A100000000000000000005 /* BaleCarrierSocketClient.swift in Sources */ = {isa = PBXBuildFile; fileRef = 96A100000000000000000015 /* BaleCarrierSocketClient.swift */; };
		96A100000000000000000006 /* BaleKeychainStore.swift in Sources */ = {isa = PBXBuildFile; fileRef = 96A100000000000000000016 /* BaleKeychainStore.swift */; };
		96A100000000000000000007 /* BaleTunnelConfiguration.swift in Sources */ = {isa = PBXBuildFile; fileRef = 96A100000000000000000017 /* BaleTunnelConfiguration.swift */; };
		96A100000000000000000008 /* BaleTunnelManager.swift in Sources */ = {isa = PBXBuildFile; fileRef = 96A100000000000000000018 /* BaleTunnelManager.swift */; };
		96A100000000000000000009 /* PacketTunnelPrincipal.swift in Sources */ = {isa = PBXBuildFile; fileRef = 96A100000000000000000019 /* PacketTunnelPrincipal.swift */; };
		96A10000000000000000000A /* PacketTunnelProvider.swift in Sources */ = {isa = PBXBuildFile; fileRef = 96A10000000000000000001A /* PacketTunnelProvider.swift */; };
		96A10000000000000000000B /* UserbotBalePacketTunnel in Embed PlugIns */ = {isa = PBXBuildFile; fileRef = 96A10000000000000000001F /* UserbotBalePacketTunnel.appex */; settings = {ATTRIBUTES = (RemoveHeadersOnCopy, ); }; };
		96A10000000000000000000C /* BaleAppControlClient.swift in Sources */ = {isa = PBXBuildFile; fileRef = 96A10000000000000000002B /* BaleAppControlClient.swift */; };
		96A10000000000000000000D /* BaleAppModels.swift in Sources */ = {isa = PBXBuildFile; fileRef = 96A10000000000000000002C /* BaleAppModels.swift */; };
		96A10000000000000000000E /* BaleAppModels.swift in Sources */ = {isa = PBXBuildFile; fileRef = 96A10000000000000000002C /* BaleAppModels.swift */; };
		96A100000000000000000080 /* userbot-bale-app-control in Resources */ = {isa = PBXBuildFile; fileRef = 96A100000000000000000082 /* userbot-bale-app-control */; };
		96A100000000000000000081 /* userbot-bale in Resources */ = {isa = PBXBuildFile; fileRef = 96A100000000000000000083 /* userbot-bale */; };
		96A100000000000000000088 /* UserbotBale.icns in Resources */ = {isa = PBXBuildFile; fileRef = 96A100000000000000000089 /* UserbotBale.icns */; };
/* End PBXBuildFile section */

/* Begin PBXCopyFilesBuildPhase section */
		96A100000000000000000030 /* Embed PlugIns */ = {
			isa = PBXCopyFilesBuildPhase;
			dstPath = "";
			dstSubfolderSpec = 13;
			files = (
				96A10000000000000000000B /* UserbotBalePacketTunnel in Embed PlugIns */,
			);
			runOnlyForDeploymentPostprocessing = 0;
		};
/* End PBXCopyFilesBuildPhase section */

/* Begin PBXFileReference section */
		96A100000000000000000010 /* UserbotBale.app */ = {isa = PBXFileReference; explicitFileType = wrapper.application; includeInIndex = 0; path = UserbotBale.app; sourceTree = BUILT_PRODUCTS_DIR; };
		96A100000000000000000011 /* UserbotBaleApp.swift */ = {isa = PBXFileReference; lastKnownFileType = sourcecode.swift; path = UserbotBaleApp/UserbotBaleApp.swift; sourceTree = "<group>"; };
		96A100000000000000000012 /* ContentView.swift */ = {isa = PBXFileReference; lastKnownFileType = sourcecode.swift; path = UserbotBaleApp/ContentView.swift; sourceTree = "<group>"; };
		96A100000000000000000013 /* BaleAppController.swift */ = {isa = PBXFileReference; lastKnownFileType = sourcecode.swift; path = UserbotBaleApp/BaleAppController.swift; sourceTree = "<group>"; };
		96A100000000000000000014 /* BaleAppGroup.swift */ = {isa = PBXFileReference; lastKnownFileType = sourcecode.swift; path = Shared/BaleAppGroup.swift; sourceTree = "<group>"; };
		96A100000000000000000015 /* BaleCarrierSocketClient.swift */ = {isa = PBXFileReference; lastKnownFileType = sourcecode.swift; path = Shared/BaleCarrierSocketClient.swift; sourceTree = "<group>"; };
		96A100000000000000000016 /* BaleKeychainStore.swift */ = {isa = PBXFileReference; lastKnownFileType = sourcecode.swift; path = Shared/BaleKeychainStore.swift; sourceTree = "<group>"; };
		96A100000000000000000017 /* BaleTunnelConfiguration.swift */ = {isa = PBXFileReference; lastKnownFileType = sourcecode.swift; path = Shared/BaleTunnelConfiguration.swift; sourceTree = "<group>"; };
		96A100000000000000000018 /* BaleTunnelManager.swift */ = {isa = PBXFileReference; lastKnownFileType = sourcecode.swift; path = Shared/BaleTunnelManager.swift; sourceTree = "<group>"; };
		96A100000000000000000019 /* PacketTunnelPrincipal.swift */ = {isa = PBXFileReference; lastKnownFileType = sourcecode.swift; path = UserbotBalePacketTunnel/PacketTunnelPrincipal.swift; sourceTree = "<group>"; };
		96A10000000000000000001A /* PacketTunnelProvider.swift */ = {isa = PBXFileReference; lastKnownFileType = sourcecode.swift; path = UserbotBalePacketTunnel/PacketTunnelProvider.swift; sourceTree = "<group>"; };
		96A10000000000000000001B /* Info.plist */ = {isa = PBXFileReference; lastKnownFileType = text.plist.xml; path = UserbotBaleApp/Info.plist; sourceTree = "<group>"; };
		96A10000000000000000001C /* UserbotBaleApp.entitlements */ = {isa = PBXFileReference; lastKnownFileType = text.plist.entitlements; path = UserbotBaleApp/UserbotBaleApp.entitlements; sourceTree = "<group>"; };
		96A10000000000000000001D /* Info.plist */ = {isa = PBXFileReference; lastKnownFileType = text.plist.xml; path = UserbotBalePacketTunnel/Info.plist; sourceTree = "<group>"; };
		96A10000000000000000001E /* UserbotBalePacketTunnel.entitlements */ = {isa = PBXFileReference; lastKnownFileType = text.plist.entitlements; path = UserbotBalePacketTunnel/UserbotBalePacketTunnel.entitlements; sourceTree = "<group>"; };
		96A10000000000000000001F /* UserbotBalePacketTunnel.appex */ = {isa = PBXFileReference; explicitFileType = wrapper.app-extension; includeInIndex = 0; path = UserbotBalePacketTunnel.appex; sourceTree = BUILT_PRODUCTS_DIR; };
		96A100000000000000000028 /* Base.xcconfig */ = {isa = PBXFileReference; lastKnownFileType = text.xcconfig; path = Config/Base.xcconfig; sourceTree = "<group>"; };
		96A100000000000000000029 /* App.xcconfig */ = {isa = PBXFileReference; lastKnownFileType = text.xcconfig; path = Config/App.xcconfig; sourceTree = "<group>"; };
		96A10000000000000000002A /* PacketTunnel.xcconfig */ = {isa = PBXFileReference; lastKnownFileType = text.xcconfig; path = Config/PacketTunnel.xcconfig; sourceTree = "<group>"; };
		96A10000000000000000002B /* BaleAppControlClient.swift */ = {isa = PBXFileReference; lastKnownFileType = sourcecode.swift; path = UserbotBaleApp/BaleAppControlClient.swift; sourceTree = "<group>"; };
		96A10000000000000000002C /* BaleAppModels.swift */ = {isa = PBXFileReference; lastKnownFileType = sourcecode.swift; path = Shared/BaleAppModels.swift; sourceTree = "<group>"; };
		96A100000000000000000082 /* userbot-bale-app-control */ = {isa = PBXFileReference; lastKnownFileType = text.script.sh; path = UserbotBaleApp/Resources/userbot-bale-app-control; sourceTree = "<group>"; };
		96A100000000000000000083 /* userbot-bale */ = {isa = PBXFileReference; lastKnownFileType = folder; path = ../../src/userbot-bale; sourceTree = "<group>"; };
		96A100000000000000000089 /* UserbotBale.icns */ = {isa = PBXFileReference; lastKnownFileType = image.icns; path = UserbotBaleApp/Resources/UserbotBale.icns; sourceTree = "<group>"; };
/* End PBXFileReference section */

/* Begin PBXFrameworksBuildPhase section */
		96A100000000000000000020 /* Frameworks */ = {
			isa = PBXFrameworksBuildPhase;
			buildActionMask = 2147483647;
			files = (
			);
			runOnlyForDeploymentPostprocessing = 0;
		};
		96A100000000000000000021 /* Frameworks */ = {
			isa = PBXFrameworksBuildPhase;
			buildActionMask = 2147483647;
			files = (
			);
			runOnlyForDeploymentPostprocessing = 0;
		};
/* End PBXFrameworksBuildPhase section */

/* Begin PBXGroup section */
		96A100000000000000000022 = {
			isa = PBXGroup;
			children = (
				96A100000000000000000023 /* UserbotBaleApp */,
				96A100000000000000000024 /* UserbotBalePacketTunnel */,
				96A100000000000000000025 /* Shared */,
				96A100000000000000000027 /* Config */,
				96A100000000000000000026 /* Products */,
			);
			sourceTree = "<group>";
		};
		96A100000000000000000023 /* UserbotBaleApp */ = {
			isa = PBXGroup;
			children = (
				96A100000000000000000011 /* UserbotBaleApp.swift */,
				96A100000000000000000012 /* ContentView.swift */,
				96A100000000000000000013 /* BaleAppController.swift */,
				96A10000000000000000002B /* BaleAppControlClient.swift */,
				96A100000000000000000084 /* Resources */,
				96A10000000000000000001B /* Info.plist */,
				96A10000000000000000001C /* UserbotBaleApp.entitlements */,
			);
			sourceTree = "<group>";
		};
		96A100000000000000000084 /* Resources */ = {
			isa = PBXGroup;
			children = (
				96A100000000000000000082 /* userbot-bale-app-control */,
				96A100000000000000000083 /* userbot-bale */,
				96A100000000000000000089 /* UserbotBale.icns */,
			);
			name = Resources;
			sourceTree = "<group>";
		};
		96A100000000000000000024 /* UserbotBalePacketTunnel */ = {
			isa = PBXGroup;
			children = (
				96A100000000000000000019 /* PacketTunnelPrincipal.swift */,
				96A10000000000000000001A /* PacketTunnelProvider.swift */,
				96A10000000000000000001D /* Info.plist */,
				96A10000000000000000001E /* UserbotBalePacketTunnel.entitlements */,
			);
			sourceTree = "<group>";
		};
		96A100000000000000000025 /* Shared */ = {
			isa = PBXGroup;
			children = (
				96A100000000000000000014 /* BaleAppGroup.swift */,
				96A100000000000000000015 /* BaleCarrierSocketClient.swift */,
				96A100000000000000000016 /* BaleKeychainStore.swift */,
				96A100000000000000000017 /* BaleTunnelConfiguration.swift */,
				96A100000000000000000018 /* BaleTunnelManager.swift */,
				96A10000000000000000002C /* BaleAppModels.swift */,
			);
			sourceTree = "<group>";
		};
		96A100000000000000000027 /* Config */ = {
			isa = PBXGroup;
			children = (
				96A100000000000000000028 /* Base.xcconfig */,
				96A100000000000000000029 /* App.xcconfig */,
				96A10000000000000000002A /* PacketTunnel.xcconfig */,
			);
			sourceTree = "<group>";
		};
		96A100000000000000000026 /* Products */ = {
			isa = PBXGroup;
			children = (
				96A100000000000000000010 /* UserbotBale.app */,
				96A10000000000000000001F /* UserbotBalePacketTunnel.appex */,
			);
			sourceTree = "<group>";
		};
/* End PBXGroup section */

/* Begin PBXNativeTarget section */
		96A100000000000000000040 /* UserbotBale */ = {
			isa = PBXNativeTarget;
			buildConfigurationList = 96A100000000000000000050 /* Build configuration list for PBXNativeTarget "UserbotBale" */;
			buildPhases = (
				96A100000000000000000041 /* Sources */,
				96A100000000000000000020 /* Frameworks */,
				96A100000000000000000085 /* Resources */,
				96A100000000000000000030 /* Embed PlugIns */,
			);
			buildRules = (
			);
			dependencies = (
				96A100000000000000000061 /* PBXTargetDependency */,
			);
			name = UserbotBale;
			productName = UserbotBale;
			productReference = 96A100000000000000000010 /* UserbotBale.app */;
			productType = "com.apple.product-type.application";
		};
		96A100000000000000000042 /* UserbotBalePacketTunnel */ = {
			isa = PBXNativeTarget;
			buildConfigurationList = 96A100000000000000000051 /* Build configuration list for PBXNativeTarget "UserbotBalePacketTunnel" */;
			buildPhases = (
				96A100000000000000000043 /* Sources */,
				96A100000000000000000021 /* Frameworks */,
				96A100000000000000000044 /* Resources */,
			);
			buildRules = (
			);
			dependencies = (
			);
			name = UserbotBalePacketTunnel;
			productName = UserbotBalePacketTunnel;
			productReference = 96A10000000000000000001F /* UserbotBalePacketTunnel.appex */;
			productType = "com.apple.product-type.app-extension";
		};
/* End PBXNativeTarget section */

/* Begin PBXProject section */
		96A100000000000000000060 /* Project object */ = {
			isa = PBXProject;
			attributes = {
				BuildIndependentTargetsInParallel = YES;
				LastSwiftUpdateCheck = 1640;
				LastUpgradeCheck = 1640;
				TargetAttributes = {
					96A100000000000000000040 = {
						CreatedOnToolsVersion = 16.4;
					};
					96A100000000000000000042 = {
						CreatedOnToolsVersion = 16.4;
					};
				};
			};
			buildConfigurationList = 96A100000000000000000052 /* Build configuration list for PBXProject "UserbotBale" */;
			compatibilityVersion = "Xcode 15.0";
			developmentRegion = en;
			hasScannedForEncodings = 0;
			knownRegions = (
				en,
				Base,
			);
			mainGroup = 96A100000000000000000022;
			productRefGroup = 96A100000000000000000026 /* Products */;
			projectDirPath = "";
			projectRoot = "";
			targets = (
				96A100000000000000000040 /* UserbotBale */,
				96A100000000000000000042 /* UserbotBalePacketTunnel */,
			);
		};
/* End PBXProject section */

/* Begin PBXResourcesBuildPhase section */
		96A100000000000000000085 /* Resources */ = {
			isa = PBXResourcesBuildPhase;
			buildActionMask = 2147483647;
			files = (
				96A100000000000000000080 /* userbot-bale-app-control in Resources */,
				96A100000000000000000081 /* userbot-bale in Resources */,
				96A100000000000000000088 /* UserbotBale.icns in Resources */,
			);
			runOnlyForDeploymentPostprocessing = 0;
		};
		96A100000000000000000044 /* Resources */ = {
			isa = PBXResourcesBuildPhase;
			buildActionMask = 2147483647;
			files = (
			);
			runOnlyForDeploymentPostprocessing = 0;
		};
/* End PBXResourcesBuildPhase section */

/* Begin PBXSourcesBuildPhase section */
		96A100000000000000000041 /* Sources */ = {
			isa = PBXSourcesBuildPhase;
			buildActionMask = 2147483647;
			files = (
				96A100000000000000000001 /* UserbotBaleApp.swift in Sources */,
				96A100000000000000000002 /* ContentView.swift in Sources */,
				96A100000000000000000003 /* BaleAppController.swift in Sources */,
				96A10000000000000000000C /* BaleAppControlClient.swift in Sources */,
				96A100000000000000000004 /* BaleAppGroup.swift in Sources */,
				96A100000000000000000005 /* BaleCarrierSocketClient.swift in Sources */,
				96A100000000000000000006 /* BaleKeychainStore.swift in Sources */,
				96A100000000000000000007 /* BaleTunnelConfiguration.swift in Sources */,
				96A100000000000000000008 /* BaleTunnelManager.swift in Sources */,
				96A10000000000000000000D /* BaleAppModels.swift in Sources */,
			);
			runOnlyForDeploymentPostprocessing = 0;
		};
		96A100000000000000000043 /* Sources */ = {
			isa = PBXSourcesBuildPhase;
			buildActionMask = 2147483647;
			files = (
				96A100000000000000000009 /* PacketTunnelPrincipal.swift in Sources */,
				96A10000000000000000000A /* PacketTunnelProvider.swift in Sources */,
				96A100000000000000000004 /* BaleAppGroup.swift in Sources */,
				96A100000000000000000005 /* BaleCarrierSocketClient.swift in Sources */,
				96A100000000000000000006 /* BaleKeychainStore.swift in Sources */,
				96A100000000000000000007 /* BaleTunnelConfiguration.swift in Sources */,
				96A100000000000000000008 /* BaleTunnelManager.swift in Sources */,
				96A10000000000000000000E /* BaleAppModels.swift in Sources */,
			);
			runOnlyForDeploymentPostprocessing = 0;
		};
/* End PBXSourcesBuildPhase section */

/* Begin PBXTargetDependency section */
		96A100000000000000000061 /* PBXTargetDependency */ = {
			isa = PBXTargetDependency;
			target = 96A100000000000000000042 /* UserbotBalePacketTunnel */;
			targetProxy = 96A100000000000000000062 /* PBXContainerItemProxy */;
		};
/* End PBXTargetDependency section */

/* Begin PBXContainerItemProxy section */
		96A100000000000000000062 /* PBXContainerItemProxy */ = {
			isa = PBXContainerItemProxy;
			containerPortal = 96A100000000000000000060 /* Project object */;
			proxyType = 1;
			remoteGlobalIDString = 96A100000000000000000042;
			remoteInfo = UserbotBalePacketTunnel;
		};
/* End PBXContainerItemProxy section */

/* Begin XCBuildConfiguration section */
		96A100000000000000000070 /* Debug */ = {
			isa = XCBuildConfiguration;
			baseConfigurationReference = 96A100000000000000000029 /* App.xcconfig */;
			buildSettings = {
				ASSETCATALOG_COMPILER_APPICON_NAME = "";
				CODE_SIGN_STYLE = Automatic;
			};
			name = Debug;
		};
		96A100000000000000000071 /* Release */ = {
			isa = XCBuildConfiguration;
			baseConfigurationReference = 96A100000000000000000029 /* App.xcconfig */;
			buildSettings = {
				ASSETCATALOG_COMPILER_APPICON_NAME = "";
				CODE_SIGN_STYLE = Automatic;
			};
			name = Release;
		};
		96A100000000000000000072 /* Debug */ = {
			isa = XCBuildConfiguration;
			baseConfigurationReference = 96A10000000000000000002A /* PacketTunnel.xcconfig */;
			buildSettings = {
				CODE_SIGN_STYLE = Automatic;
			};
			name = Debug;
		};
		96A100000000000000000073 /* Release */ = {
			isa = XCBuildConfiguration;
			baseConfigurationReference = 96A10000000000000000002A /* PacketTunnel.xcconfig */;
			buildSettings = {
				CODE_SIGN_STYLE = Automatic;
			};
			name = Release;
		};
		96A100000000000000000074 /* Debug */ = {
			isa = XCBuildConfiguration;
			baseConfigurationReference = 96A100000000000000000028 /* Base.xcconfig */;
			buildSettings = {
				CODE_SIGN_STYLE = Automatic;
			};
			name = Debug;
		};
		96A100000000000000000075 /* Release */ = {
			isa = XCBuildConfiguration;
			baseConfigurationReference = 96A100000000000000000028 /* Base.xcconfig */;
			buildSettings = {
				CODE_SIGN_STYLE = Automatic;
			};
			name = Release;
		};
/* End XCBuildConfiguration section */

/* Begin XCConfigurationList section */
		96A100000000000000000050 /* Build configuration list for PBXNativeTarget "UserbotBale" */ = {
			isa = XCConfigurationList;
			buildConfigurations = (
				96A100000000000000000070 /* Debug */,
				96A100000000000000000071 /* Release */,
			);
			defaultConfigurationIsVisible = 0;
			defaultConfigurationName = Release;
		};
		96A100000000000000000051 /* Build configuration list for PBXNativeTarget "UserbotBalePacketTunnel" */ = {
			isa = XCConfigurationList;
			buildConfigurations = (
				96A100000000000000000072 /* Debug */,
				96A100000000000000000073 /* Release */,
			);
			defaultConfigurationIsVisible = 0;
			defaultConfigurationName = Release;
		};
		96A100000000000000000052 /* Build configuration list for PBXProject "UserbotBale" */ = {
			isa = XCConfigurationList;
			buildConfigurations = (
				96A100000000000000000074 /* Debug */,
				96A100000000000000000075 /* Release */,
			);
			defaultConfigurationIsVisible = 0;
			defaultConfigurationName = Release;
		};
/* End XCConfigurationList section */
	};
	rootObject = 96A100000000000000000060 /* Project object */;
}
