// !$*UTF8*$!
{
	archiveVersion = 1;
	classes = {
	};
	objectVersion = 56;
	objects = {

/* Begin PBXBuildFile section */
		97A100000000000000000001 /* BaleobalaProxyApp.swift in Sources */ = {isa = PBXBuildFile; fileRef = 97A100000000000000000011 /* BaleobalaProxyApp.swift */; };
		97A100000000000000000002 /* ContentView.swift in Sources */ = {isa = PBXBuildFile; fileRef = 97A100000000000000000012 /* ContentView.swift */; };
		97A100000000000000000003 /* ProxyController.swift in Sources */ = {isa = PBXBuildFile; fileRef = 97A100000000000000000013 /* ProxyController.swift */; };
		97A100000000000000000004 /* ProxyHelperClient.swift in Sources */ = {isa = PBXBuildFile; fileRef = 97A100000000000000000014 /* ProxyHelperClient.swift */; };
		97A100000000000000000080 /* baleobala-proxy-helper in Resources */ = {isa = PBXBuildFile; fileRef = 97A100000000000000000082 /* baleobala-proxy-helper */; };
		97A100000000000000000081 /* baleobala in Resources */ = {isa = PBXBuildFile; fileRef = 97A100000000000000000083 /* baleobala */; };
		97A100000000000000000086 /* Baleobala.icns in Resources */ = {isa = PBXBuildFile; fileRef = 97A100000000000000000087 /* Baleobala.icns */; };
/* End PBXBuildFile section */

/* Begin PBXFileReference section */
		97A100000000000000000010 /* BaleobalaProxy.app */ = {isa = PBXFileReference; explicitFileType = wrapper.application; includeInIndex = 0; path = BaleobalaProxy.app; sourceTree = BUILT_PRODUCTS_DIR; };
		97A100000000000000000011 /* BaleobalaProxyApp.swift */ = {isa = PBXFileReference; lastKnownFileType = sourcecode.swift; path = BaleobalaProxyApp/BaleobalaProxyApp.swift; sourceTree = "<group>"; };
		97A100000000000000000012 /* ContentView.swift */ = {isa = PBXFileReference; lastKnownFileType = sourcecode.swift; path = BaleobalaProxyApp/ContentView.swift; sourceTree = "<group>"; };
		97A100000000000000000013 /* ProxyController.swift */ = {isa = PBXFileReference; lastKnownFileType = sourcecode.swift; path = BaleobalaProxyApp/ProxyController.swift; sourceTree = "<group>"; };
		97A100000000000000000014 /* ProxyHelperClient.swift */ = {isa = PBXFileReference; lastKnownFileType = sourcecode.swift; path = BaleobalaProxyApp/ProxyHelperClient.swift; sourceTree = "<group>"; };
		97A10000000000000000001B /* Info.plist */ = {isa = PBXFileReference; lastKnownFileType = text.plist.xml; path = BaleobalaProxyApp/Info.plist; sourceTree = "<group>"; };
		97A10000000000000000001C /* BaleobalaProxy.entitlements */ = {isa = PBXFileReference; lastKnownFileType = text.plist.entitlements; path = BaleobalaProxyApp/BaleobalaProxy.entitlements; sourceTree = "<group>"; };
		97A100000000000000000028 /* Base.xcconfig */ = {isa = PBXFileReference; lastKnownFileType = text.xcconfig; path = Config/Base.xcconfig; sourceTree = "<group>"; };
		97A100000000000000000029 /* ProxyApp.xcconfig */ = {isa = PBXFileReference; lastKnownFileType = text.xcconfig; path = Config/ProxyApp.xcconfig; sourceTree = "<group>"; };
		97A100000000000000000082 /* baleobala-proxy-helper */ = {isa = PBXFileReference; lastKnownFileType = text.script.sh; path = BaleobalaProxyApp/Resources/baleobala-proxy-helper; sourceTree = "<group>"; };
		97A100000000000000000083 /* baleobala */ = {isa = PBXFileReference; lastKnownFileType = folder; path = ../../src/baleobala; sourceTree = "<group>"; };
		97A100000000000000000087 /* Baleobala.icns */ = {isa = PBXFileReference; lastKnownFileType = image.icns; path = BaleobalaProxyApp/Resources/Baleobala.icns; sourceTree = "<group>"; };
/* End PBXFileReference section */

/* Begin PBXFrameworksBuildPhase section */
		97A100000000000000000020 /* Frameworks */ = {
			isa = PBXFrameworksBuildPhase;
			buildActionMask = 2147483647;
			files = (
			);
			runOnlyForDeploymentPostprocessing = 0;
		};
/* End PBXFrameworksBuildPhase section */

/* Begin PBXGroup section */
		97A100000000000000000022 = {
			isa = PBXGroup;
			children = (
				97A100000000000000000023 /* BaleobalaProxyApp */,
				97A100000000000000000027 /* Config */,
				97A100000000000000000026 /* Products */,
			);
			sourceTree = "<group>";
		};
		97A100000000000000000023 /* BaleobalaProxyApp */ = {
			isa = PBXGroup;
			children = (
				97A100000000000000000011 /* BaleobalaProxyApp.swift */,
				97A100000000000000000012 /* ContentView.swift */,
				97A100000000000000000013 /* ProxyController.swift */,
				97A100000000000000000014 /* ProxyHelperClient.swift */,
				97A100000000000000000084 /* Resources */,
				97A10000000000000000001B /* Info.plist */,
				97A10000000000000000001C /* BaleobalaProxy.entitlements */,
			);
			sourceTree = "<group>";
		};
		97A100000000000000000084 /* Resources */ = {
			isa = PBXGroup;
			children = (
				97A100000000000000000082 /* baleobala-proxy-helper */,
				97A100000000000000000083 /* baleobala */,
				97A100000000000000000087 /* Baleobala.icns */,
			);
			name = Resources;
			sourceTree = "<group>";
		};
		97A100000000000000000027 /* Config */ = {
			isa = PBXGroup;
			children = (
				97A100000000000000000028 /* Base.xcconfig */,
				97A100000000000000000029 /* ProxyApp.xcconfig */,
			);
			sourceTree = "<group>";
		};
		97A100000000000000000026 /* Products */ = {
			isa = PBXGroup;
			children = (
				97A100000000000000000010 /* BaleobalaProxy.app */,
			);
			sourceTree = "<group>";
		};
/* End PBXGroup section */

/* Begin PBXNativeTarget section */
		97A100000000000000000040 /* BaleobalaProxy */ = {
			isa = PBXNativeTarget;
			buildConfigurationList = 97A100000000000000000050 /* Build configuration list for PBXNativeTarget "BaleobalaProxy" */;
			buildPhases = (
				97A100000000000000000041 /* Sources */,
				97A100000000000000000020 /* Frameworks */,
				97A100000000000000000085 /* Resources */,
			);
			buildRules = (
			);
			dependencies = (
			);
			name = BaleobalaProxy;
			productName = BaleobalaProxy;
			productReference = 97A100000000000000000010 /* BaleobalaProxy.app */;
			productType = "com.apple.product-type.application";
		};
/* End PBXNativeTarget section */

/* Begin PBXProject section */
		97A100000000000000000060 /* Project object */ = {
			isa = PBXProject;
			attributes = {
				BuildIndependentTargetsInParallel = YES;
				LastSwiftUpdateCheck = 1640;
				LastUpgradeCheck = 1640;
				TargetAttributes = {
					97A100000000000000000040 = {
						CreatedOnToolsVersion = 16.4;
					};
				};
			};
			buildConfigurationList = 97A100000000000000000052 /* Build configuration list for PBXProject "BaleobalaProxy" */;
			compatibilityVersion = "Xcode 15.0";
			developmentRegion = en;
			hasScannedForEncodings = 0;
			knownRegions = (
				en,
				Base,
			);
			mainGroup = 97A100000000000000000022;
			productRefGroup = 97A100000000000000000026 /* Products */;
			projectDirPath = "";
			projectRoot = "";
			targets = (
				97A100000000000000000040 /* BaleobalaProxy */,
			);
		};
/* End PBXProject section */

/* Begin PBXResourcesBuildPhase section */
		97A100000000000000000085 /* Resources */ = {
			isa = PBXResourcesBuildPhase;
			buildActionMask = 2147483647;
			files = (
				97A100000000000000000080 /* baleobala-proxy-helper in Resources */,
				97A100000000000000000081 /* baleobala in Resources */,
				97A100000000000000000086 /* Baleobala.icns in Resources */,
			);
			runOnlyForDeploymentPostprocessing = 0;
		};
/* End PBXResourcesBuildPhase section */

/* Begin PBXSourcesBuildPhase section */
		97A100000000000000000041 /* Sources */ = {
			isa = PBXSourcesBuildPhase;
			buildActionMask = 2147483647;
			files = (
				97A100000000000000000001 /* BaleobalaProxyApp.swift in Sources */,
				97A100000000000000000002 /* ContentView.swift in Sources */,
				97A100000000000000000003 /* ProxyController.swift in Sources */,
				97A100000000000000000004 /* ProxyHelperClient.swift in Sources */,
			);
			runOnlyForDeploymentPostprocessing = 0;
		};
/* End PBXSourcesBuildPhase section */

/* Begin XCBuildConfiguration section */
		97A100000000000000000070 /* Debug */ = {
			isa = XCBuildConfiguration;
			baseConfigurationReference = 97A100000000000000000029 /* ProxyApp.xcconfig */;
			buildSettings = {
				ASSETCATALOG_COMPILER_APPICON_NAME = "";
				CODE_SIGN_STYLE = Automatic;
			};
			name = Debug;
		};
		97A100000000000000000071 /* Release */ = {
			isa = XCBuildConfiguration;
			baseConfigurationReference = 97A100000000000000000029 /* ProxyApp.xcconfig */;
			buildSettings = {
				ASSETCATALOG_COMPILER_APPICON_NAME = "";
				CODE_SIGN_STYLE = Automatic;
			};
			name = Release;
		};
		97A100000000000000000074 /* Debug */ = {
			isa = XCBuildConfiguration;
			baseConfigurationReference = 97A100000000000000000028 /* Base.xcconfig */;
			buildSettings = {
				CODE_SIGN_STYLE = Automatic;
			};
			name = Debug;
		};
		97A100000000000000000075 /* Release */ = {
			isa = XCBuildConfiguration;
			baseConfigurationReference = 97A100000000000000000028 /* Base.xcconfig */;
			buildSettings = {
				CODE_SIGN_STYLE = Automatic;
			};
			name = Release;
		};
/* End XCBuildConfiguration section */

/* Begin XCConfigurationList section */
		97A100000000000000000050 /* Build configuration list for PBXNativeTarget "BaleobalaProxy" */ = {
			isa = XCConfigurationList;
			buildConfigurations = (
				97A100000000000000000070 /* Debug */,
				97A100000000000000000071 /* Release */,
			);
			defaultConfigurationIsVisible = 0;
			defaultConfigurationName = Release;
		};
		97A100000000000000000052 /* Build configuration list for PBXProject "BaleobalaProxy" */ = {
			isa = XCConfigurationList;
			buildConfigurations = (
				97A100000000000000000074 /* Debug */,
				97A100000000000000000075 /* Release */,
			);
			defaultConfigurationIsVisible = 0;
			defaultConfigurationName = Release;
		};
/* End XCConfigurationList section */
	};
	rootObject = 97A100000000000000000060 /* Project object */;
}
